
Microsoft Visual Studio Solution File, Format Version 12.00
# Visual Studio Version 17
VisualStudioVersion = 17.10.35027.167
MinimumVisualStudioVersion = 10.0.40219.1
Project("{9A19103F-16F7-4668-BE54-9A1E7A4F7556}") = "SLAvaloniaTest", "SLAvaloniaTest\SLAvaloniaTest.csproj", "{CA1C0437-16E2-4615-93AD-5D836765C39A}"
EndProject
Global
	GlobalSection(SolutionConfigurationPlatforms) = preSolution
		Debug|Any CPU = Debug|Any CPU
		Release|Any CPU = Release|Any CPU
	EndGlobalSection
	GlobalSection(ProjectConfigurationPlatforms) = postSolution
		{CA1C0437-16E2-4615-93AD-5D836765C39A}.Debug|Any CPU.ActiveCfg = Debug|Any CPU
		{CA1C0437-16E2-4615-93AD-5D836765C39A}.Debug|Any CPU.Build.0 = Debug|Any CPU
		{CA1C0437-16E2-4615-93AD-5D836765C39A}.Release|Any CPU.ActiveCfg = Release|Any CPU
		{CA1C0437-16E2-4615-93AD-5D836765C39A}.Release|Any CPU.Build.0 = Release|Any CPU
	EndGlobalSection
	GlobalSection(SolutionProperties) = preSolution
		HideSolutionNode = FALSE
	EndGlobalSection
	GlobalSection(ExtensibilityGlobals) = postSolution
		SolutionGuid = {3A1CBA96-2EE8-411A-BF8C-4C7DE44ACCCE}
	EndGlobalSection
EndGlobal
